
Microsoft Visual Studio Solution File, Format Version 12.00
# Visual Studio Version 16
VisualStudioVersion = 16.0.31624.102
MinimumVisualStudioVersion = 10.0.40219.1
Project("{FAE04EC0-301F-11D3-BF4B-00C04F79EFBC}") = "220519_waveGoAlgoritm", "220519_waveGoAlgoritm.csproj", "{54C66559-B73F-4C95-A22C-D986D1AB514E}"
EndProject
Global
	GlobalSection(SolutionConfigurationPlatforms) = preSolution
		Debug|Any CPU = Debug|Any CPU
		Release|Any CPU = Release|Any CPU
	EndGlobalSection
	GlobalSection(ProjectConfigurationPlatforms) = postSolution
		{54C66559-B73F-4C95-A22C-D986D1AB514E}.Debug|Any CPU.ActiveCfg = Debug|Any CPU
		{54C66559-B73F-4C95-A22C-D986D1AB514E}.Debug|Any CPU.Build.0 = Debug|Any CPU
		{54C66559-B73F-4C95-A22C-D986D1AB514E}.Release|Any CPU.ActiveCfg = Release|Any CPU
		{54C66559-B73F-4C95-A22C-D986D1AB514E}.Release|Any CPU.Build.0 = Release|Any CPU
	EndGlobalSection
	GlobalSection(SolutionProperties) = preSolution
		HideSolutionNode = FALSE
	EndGlobalSection
	GlobalSection(ExtensibilityGlobals) = postSolution
		SolutionGuid = {3AA55841-4260-4D03-B8A9-4F0ECCCB649D}
	EndGlobalSection
EndGlobal
